
Microsoft Visual Studio Solution File, Format Version 12.00
# Visual Studio Version 17
VisualStudioVersion = 17.14.36603.0
MinimumVisualStudioVersion = 10.0.40219.1
Project("{FAE04EC0-301F-11D3-BF4B-00C04F79EFBC}") = "AutoCareDiray", "AutoCareDiray\AutoCareDiray.csproj", "{55436834-ADB8-40CD-901C-7289F97D1DFF}"
EndProject
Project("{FAE04EC0-301F-11D3-BF4B-00C04F79EFBC}") = "AutoCareDiray.Shared", "..\AutoCareDiray.Shared\AutoCareDiray.Shared\AutoCareDiray.Shared.csproj", "{108D34EE-CE96-26AF-431C-B9CC6000C7FC}"
EndProject
Project("{FAE04EC0-301F-11D3-BF4B-00C04F79EFBC}") = "AutoCareDiray.Tests", "AutoCareDiray.Tests\AutoCareDiray.Tests.csproj", "{2CEB62A3-F151-4887-888B-B934D4FEDECD}"
EndProject
Global
	GlobalSection(SolutionConfigurationPlatforms) = preSolution
		Debug|Any CPU = Debug|Any CPU
		Release|Any CPU = Release|Any CPU
	EndGlobalSection
	GlobalSection(ProjectConfigurationPlatforms) = postSolution
		{55436834-ADB8-40CD-901C-7289F97D1DFF}.Debug|Any CPU.ActiveCfg = Debug|Any CPU
		{55436834-ADB8-40CD-901C-7289F97D1DFF}.Debug|Any CPU.Build.0 = Debug|Any CPU
		{55436834-ADB8-40CD-901C-7289F97D1DFF}.Debug|Any CPU.Deploy.0 = Debug|Any CPU
		{55436834-ADB8-40CD-901C-7289F97D1DFF}.Release|Any CPU.ActiveCfg = Release|Any CPU
		{55436834-ADB8-40CD-901C-7289F97D1DFF}.Release|Any CPU.Build.0 = Release|Any CPU
		{108D34EE-CE96-26AF-431C-B9CC6000C7FC}.Debug|Any CPU.ActiveCfg = Debug|Any CPU
		{108D34EE-CE96-26AF-431C-B9CC6000C7FC}.Debug|Any CPU.Build.0 = Debug|Any CPU
		{108D34EE-CE96-26AF-431C-B9CC6000C7FC}.Release|Any CPU.ActiveCfg = Release|Any CPU
		{108D34EE-CE96-26AF-431C-B9CC6000C7FC}.Release|Any CPU.Build.0 = Release|Any CPU
		{2CEB62A3-F151-4887-888B-B934D4FEDECD}.Debug|Any CPU.ActiveCfg = Debug|Any CPU
		{2CEB62A3-F151-4887-888B-B934D4FEDECD}.Debug|Any CPU.Build.0 = Debug|Any CPU
		{2CEB62A3-F151-4887-888B-B934D4FEDECD}.Release|Any CPU.ActiveCfg = Release|Any CPU
		{2CEB62A3-F151-4887-888B-B934D4FEDECD}.Release|Any CPU.Build.0 = Release|Any CPU
	EndGlobalSection
	GlobalSection(SolutionProperties) = preSolution
		HideSolutionNode = FALSE
	EndGlobalSection
	GlobalSection(ExtensibilityGlobals) = postSolution
		SolutionGuid = {6E9B828C-F8A6-47F7-B1D1-778144C8086D}
	EndGlobalSection
EndGlobal
